{
  "lockfileVersion": 1,
  "workspaces": {
    "": {
      "dependencies": {
        "tailwindcss": "^4.1.3",
      },
    },
  },
  "packages": {
    "tailwindcss": ["tailwindcss@4.1.3", "", {}, "sha512-2Q+rw9vy1WFXu5cIxlvsabCwhU2qUwodGq03ODhLJ0jW4ek5BUtoCsnLB0qG+m8AHgEsSJcJGDSDe06FXlP74g=="],
  }
}
